
Microsoft Visual Studio Solution File, Format Version 12.00
# Visual Studio Version 17
VisualStudioVersion = 17.13.35825.156 d17.13
MinimumVisualStudioVersion = 10.0.40219.1
Project("{FAE04EC0-301F-11D3-BF4B-00C04F79EFBC}") = "Chatbot", "Chatbot\Chatbot.csproj", "{DF23E813-02E8-41CE-9011-2458C5682FF7}"
EndProject
Global
	GlobalSection(SolutionConfigurationPlatforms) = preSolution
		Debug|Any CPU = Debug|Any CPU
		Release|Any CPU = Release|Any CPU
	EndGlobalSection
	GlobalSection(ProjectConfigurationPlatforms) = postSolution
		{DF23E813-02E8-41CE-9011-2458C5682FF7}.Debug|Any CPU.ActiveCfg = Debug|Any CPU
		{DF23E813-02E8-41CE-9011-2458C5682FF7}.Debug|Any CPU.Build.0 = Debug|Any CPU
		{DF23E813-02E8-41CE-9011-2458C5682FF7}.Release|Any CPU.ActiveCfg = Release|Any CPU
		{DF23E813-02E8-41CE-9011-2458C5682FF7}.Release|Any CPU.Build.0 = Release|Any CPU
	EndGlobalSection
	GlobalSection(SolutionProperties) = preSolution
		HideSolutionNode = FALSE
	EndGlobalSection
	GlobalSection(ExtensibilityGlobals) = postSolution
		SolutionGuid = {4949988B-C4EF-46AA-9681-3E7F7EC041F3}
	EndGlobalSection
EndGlobal
